
Microsoft Visual Studio Solution File, Format Version 12.00
# Visual Studio Version 16
VisualStudioVersion = 16.0.31025.194
MinimumVisualStudioVersion = 10.0.40219.1
Project("{8BC9CEB8-8B4A-11D0-8D11-00A0C91BC942}") = "rural_construction", "rural_construction\rural_construction.vcxproj", "{3007BF52-4F38-46F9-B8FD-CDDADB8946AF}"
EndProject
Global
	GlobalSection(SolutionConfigurationPlatforms) = preSolution
		Debug|x64 = Debug|x64
		Debug|x86 = Debug|x86
		Release|x64 = Release|x64
		Release|x86 = Release|x86
	EndGlobalSection
	GlobalSection(ProjectConfigurationPlatforms) = postSolution
		{3007BF52-4F38-46F9-B8FD-CDDADB8946AF}.Debug|x64.ActiveCfg = Debug|x64
		{3007BF52-4F38-46F9-B8FD-CDDADB8946AF}.Debug|x64.Build.0 = Debug|x64
		{3007BF52-4F38-46F9-B8FD-CDDADB8946AF}.Debug|x86.ActiveCfg = Debug|Win32
		{3007BF52-4F38-46F9-B8FD-CDDADB8946AF}.Debug|x86.Build.0 = Debug|Win32
		{3007BF52-4F38-46F9-B8FD-CDDADB8946AF}.Release|x64.ActiveCfg = Release|x64
		{3007BF52-4F38-46F9-B8FD-CDDADB8946AF}.Release|x64.Build.0 = Release|x64
		{3007BF52-4F38-46F9-B8FD-CDDADB8946AF}.Release|x86.ActiveCfg = Release|Win32
		{3007BF52-4F38-46F9-B8FD-CDDADB8946AF}.Release|x86.Build.0 = Release|Win32
	EndGlobalSection
	GlobalSection(SolutionProperties) = preSolution
		HideSolutionNode = FALSE
	EndGlobalSection
	GlobalSection(ExtensibilityGlobals) = postSolution
		SolutionGuid = {E8E026FE-6137-4001-AD44-2EA5465C7F5C}
	EndGlobalSection
EndGlobal
